
Microsoft Visual Studio Solution File, Format Version 12.00
# Visual Studio Version 17
VisualStudioVersion = 17.7.34031.279
MinimumVisualStudioVersion = 10.0.40219.1
Project("{9A19103F-16F7-4668-BE54-9A1E7A4F7556}") = "Desafio 01", "Desafio 01.csproj", "{2E42D2FA-4EE5-4750-9B0C-78F5730CACB3}"
EndProject
Project("{2150E333-8FDC-42A3-9474-1A3956D46DE8}") = "Itens de Solução", "Itens de Solução", "{A1F7EA4F-98BA-4A33-9271-590F290D17AC}"
EndProject
Project("{9A19103F-16F7-4668-BE54-9A1E7A4F7556}") = "Desafio 02", "..\Desafio 02\Desafio 02.csproj", "{25032666-8FB5-4E12-A15D-332E411AFAF9}"
EndProject
Project("{9A19103F-16F7-4668-BE54-9A1E7A4F7556}") = "Desafio 03", "..\Desafio 03\Desafio 03.csproj", "{C572A575-EBA6-409F-A3FE-4AB28A89601A}"
EndProject
Project("{9A19103F-16F7-4668-BE54-9A1E7A4F7556}") = "Desafio 04", "..\Desafio 04\Desafio 04.csproj", "{48536C89-4A44-4F70-83B5-0B924F71A3A8}"
EndProject
Project("{FAE04EC0-301F-11D3-BF4B-00C04F79EFBC}") = "Desafio 05", "..\Desafio 05\Desafio 05.csproj", "{FCB621AD-4D58-4F85-B67A-A0E449A7F16E}"
EndProject
Project("{FAE04EC0-301F-11D3-BF4B-00C04F79EFBC}") = "Desafio 06", "..\Desafio 06\Desafio 06.csproj", "{762B991F-677B-46F6-954C-8E1BD12CF67E}"
EndProject
Project("{FAE04EC0-301F-11D3-BF4B-00C04F79EFBC}") = "Desafio 07", "..\Exercicio 07\Desafio 07.csproj", "{C2326938-E891-4708-AE2F-389CFFAA1609}"
EndProject
Project("{FAE04EC0-301F-11D3-BF4B-00C04F79EFBC}") = "Desafio 08", "..\Desafio 08\Desafio 08.csproj", "{ECDB930A-6463-47E5-9B0A-1D3A6180F15D}"
EndProject
Project("{FAE04EC0-301F-11D3-BF4B-00C04F79EFBC}") = "Desafio 09", "..\Desafio 09\Desafio 09.csproj", "{ACADDBA0-EB7A-422A-918A-6C396AF5133D}"
EndProject
Project("{FAE04EC0-301F-11D3-BF4B-00C04F79EFBC}") = "Desafio 10", "..\Desafio 10\Desafio 10.csproj", "{5AEB77A4-97F4-4014-998E-7C7CE19B4DC1}"
EndProject
Project("{FAE04EC0-301F-11D3-BF4B-00C04F79EFBC}") = "Desafio 11", "..\Desafio 11\Desafio 11.csproj", "{03712F4A-7804-4D27-8CB0-E74779C85DEA}"
EndProject
Project("{FAE04EC0-301F-11D3-BF4B-00C04F79EFBC}") = "Desafio 12", "..\Desafio 12\Desafio 12.csproj", "{82442C9B-B99A-4804-A3A7-CF9A3B62C76C}"
EndProject
Project("{FAE04EC0-301F-11D3-BF4B-00C04F79EFBC}") = "Desafio 13", "..\Desafio 13\Desafio 13.csproj", "{511CC107-8880-4B48-9F07-83C7C6C18222}"
EndProject
Project("{FAE04EC0-301F-11D3-BF4B-00C04F79EFBC}") = "Desafio 14", "..\Desafio 14\Desafio 14.csproj", "{FACBEA7C-AE10-4E32-AFC1-698114E4FFD1}"
EndProject
Project("{FAE04EC0-301F-11D3-BF4B-00C04F79EFBC}") = "Desafio 15", "..\Desafio 15\Desafio 15.csproj", "{0AC53C14-3CB7-4619-B5F6-4CF196BCB966}"
EndProject
Global
	GlobalSection(SolutionConfigurationPlatforms) = preSolution
		Debug|Any CPU = Debug|Any CPU
		Release|Any CPU = Release|Any CPU
	EndGlobalSection
	GlobalSection(ProjectConfigurationPlatforms) = postSolution
		{2E42D2FA-4EE5-4750-9B0C-78F5730CACB3}.Debug|Any CPU.ActiveCfg = Debug|Any CPU
		{2E42D2FA-4EE5-4750-9B0C-78F5730CACB3}.Debug|Any CPU.Build.0 = Debug|Any CPU
		{2E42D2FA-4EE5-4750-9B0C-78F5730CACB3}.Release|Any CPU.ActiveCfg = Release|Any CPU
		{2E42D2FA-4EE5-4750-9B0C-78F5730CACB3}.Release|Any CPU.Build.0 = Release|Any CPU
		{25032666-8FB5-4E12-A15D-332E411AFAF9}.Debug|Any CPU.ActiveCfg = Debug|Any CPU
		{25032666-8FB5-4E12-A15D-332E411AFAF9}.Debug|Any CPU.Build.0 = Debug|Any CPU
		{25032666-8FB5-4E12-A15D-332E411AFAF9}.Release|Any CPU.ActiveCfg = Release|Any CPU
		{25032666-8FB5-4E12-A15D-332E411AFAF9}.Release|Any CPU.Build.0 = Release|Any CPU
		{C572A575-EBA6-409F-A3FE-4AB28A89601A}.Debug|Any CPU.ActiveCfg = Debug|Any CPU
		{C572A575-EBA6-409F-A3FE-4AB28A89601A}.Debug|Any CPU.Build.0 = Debug|Any CPU
		{C572A575-EBA6-409F-A3FE-4AB28A89601A}.Release|Any CPU.ActiveCfg = Release|Any CPU
		{C572A575-EBA6-409F-A3FE-4AB28A89601A}.Release|Any CPU.Build.0 = Release|Any CPU
		{48536C89-4A44-4F70-83B5-0B924F71A3A8}.Debug|Any CPU.ActiveCfg = Debug|Any CPU
		{48536C89-4A44-4F70-83B5-0B924F71A3A8}.Debug|Any CPU.Build.0 = Debug|Any CPU
		{48536C89-4A44-4F70-83B5-0B924F71A3A8}.Release|Any CPU.ActiveCfg = Release|Any CPU
		{48536C89-4A44-4F70-83B5-0B924F71A3A8}.Release|Any CPU.Build.0 = Release|Any CPU
		{FCB621AD-4D58-4F85-B67A-A0E449A7F16E}.Debug|Any CPU.ActiveCfg = Debug|Any CPU
		{FCB621AD-4D58-4F85-B67A-A0E449A7F16E}.Debug|Any CPU.Build.0 = Debug|Any CPU
		{FCB621AD-4D58-4F85-B67A-A0E449A7F16E}.Release|Any CPU.ActiveCfg = Release|Any CPU
		{FCB621AD-4D58-4F85-B67A-A0E449A7F16E}.Release|Any CPU.Build.0 = Release|Any CPU
		{762B991F-677B-46F6-954C-8E1BD12CF67E}.Debug|Any CPU.ActiveCfg = Debug|Any CPU
		{762B991F-677B-46F6-954C-8E1BD12CF67E}.Debug|Any CPU.Build.0 = Debug|Any CPU
		{762B991F-677B-46F6-954C-8E1BD12CF67E}.Release|Any CPU.ActiveCfg = Release|Any CPU
		{762B991F-677B-46F6-954C-8E1BD12CF67E}.Release|Any CPU.Build.0 = Release|Any CPU
		{C2326938-E891-4708-AE2F-389CFFAA1609}.Debug|Any CPU.ActiveCfg = Debug|Any CPU
		{C2326938-E891-4708-AE2F-389CFFAA1609}.Debug|Any CPU.Build.0 = Debug|Any CPU
		{C2326938-E891-4708-AE2F-389CFFAA1609}.Release|Any CPU.ActiveCfg = Release|Any CPU
		{C2326938-E891-4708-AE2F-389CFFAA1609}.Release|Any CPU.Build.0 = Release|Any CPU
		{ECDB930A-6463-47E5-9B0A-1D3A6180F15D}.Debug|Any CPU.ActiveCfg = Debug|Any CPU
		{ECDB930A-6463-47E5-9B0A-1D3A6180F15D}.Debug|Any CPU.Build.0 = Debug|Any CPU
		{ECDB930A-6463-47E5-9B0A-1D3A6180F15D}.Release|Any CPU.ActiveCfg = Release|Any CPU
		{ECDB930A-6463-47E5-9B0A-1D3A6180F15D}.Release|Any CPU.Build.0 = Release|Any CPU
		{ACADDBA0-EB7A-422A-918A-6C396AF5133D}.Debug|Any CPU.ActiveCfg = Debug|Any CPU
		{ACADDBA0-EB7A-422A-918A-6C396AF5133D}.Debug|Any CPU.Build.0 = Debug|Any CPU
		{ACADDBA0-EB7A-422A-918A-6C396AF5133D}.Release|Any CPU.ActiveCfg = Release|Any CPU
		{ACADDBA0-EB7A-422A-918A-6C396AF5133D}.Release|Any CPU.Build.0 = Release|Any CPU
		{5AEB77A4-97F4-4014-998E-7C7CE19B4DC1}.Debug|Any CPU.ActiveCfg = Debug|Any CPU
		{5AEB77A4-97F4-4014-998E-7C7CE19B4DC1}.Debug|Any CPU.Build.0 = Debug|Any CPU
		{5AEB77A4-97F4-4014-998E-7C7CE19B4DC1}.Release|Any CPU.ActiveCfg = Release|Any CPU
		{5AEB77A4-97F4-4014-998E-7C7CE19B4DC1}.Release|Any CPU.Build.0 = Release|Any CPU
		{03712F4A-7804-4D27-8CB0-E74779C85DEA}.Debug|Any CPU.ActiveCfg = Debug|Any CPU
		{03712F4A-7804-4D27-8CB0-E74779C85DEA}.Debug|Any CPU.Build.0 = Debug|Any CPU
		{03712F4A-7804-4D27-8CB0-E74779C85DEA}.Release|Any CPU.ActiveCfg = Release|Any CPU
		{03712F4A-7804-4D27-8CB0-E74779C85DEA}.Release|Any CPU.Build.0 = Release|Any CPU
		{82442C9B-B99A-4804-A3A7-CF9A3B62C76C}.Debug|Any CPU.ActiveCfg = Debug|Any CPU
		{82442C9B-B99A-4804-A3A7-CF9A3B62C76C}.Debug|Any CPU.Build.0 = Debug|Any CPU
		{82442C9B-B99A-4804-A3A7-CF9A3B62C76C}.Release|Any CPU.ActiveCfg = Release|Any CPU
		{82442C9B-B99A-4804-A3A7-CF9A3B62C76C}.Release|Any CPU.Build.0 = Release|Any CPU
		{511CC107-8880-4B48-9F07-83C7C6C18222}.Debug|Any CPU.ActiveCfg = Debug|Any CPU
		{511CC107-8880-4B48-9F07-83C7C6C18222}.Debug|Any CPU.Build.0 = Debug|Any CPU
		{511CC107-8880-4B48-9F07-83C7C6C18222}.Release|Any CPU.ActiveCfg = Release|Any CPU
		{511CC107-8880-4B48-9F07-83C7C6C18222}.Release|Any CPU.Build.0 = Release|Any CPU
		{FACBEA7C-AE10-4E32-AFC1-698114E4FFD1}.Debug|Any CPU.ActiveCfg = Debug|Any CPU
		{FACBEA7C-AE10-4E32-AFC1-698114E4FFD1}.Debug|Any CPU.Build.0 = Debug|Any CPU
		{FACBEA7C-AE10-4E32-AFC1-698114E4FFD1}.Release|Any CPU.ActiveCfg = Release|Any CPU
		{FACBEA7C-AE10-4E32-AFC1-698114E4FFD1}.Release|Any CPU.Build.0 = Release|Any CPU
		{0AC53C14-3CB7-4619-B5F6-4CF196BCB966}.Debug|Any CPU.ActiveCfg = Debug|Any CPU
		{0AC53C14-3CB7-4619-B5F6-4CF196BCB966}.Debug|Any CPU.Build.0 = Debug|Any CPU
		{0AC53C14-3CB7-4619-B5F6-4CF196BCB966}.Release|Any CPU.ActiveCfg = Release|Any CPU
		{0AC53C14-3CB7-4619-B5F6-4CF196BCB966}.Release|Any CPU.Build.0 = Release|Any CPU
	EndGlobalSection
	GlobalSection(SolutionProperties) = preSolution
		HideSolutionNode = FALSE
	EndGlobalSection
	GlobalSection(ExtensibilityGlobals) = postSolution
		SolutionGuid = {8CF1A79D-0B81-4B68-BAAA-2FD457104734}
	EndGlobalSection
EndGlobal
